// !$*UTF8*$!
{
	archiveVersion = 1;
	classes = {
	};
	objectVersion = 56;
	objects = {

/* Begin PBXBuildFile section */
		140ADBD12BA1A30A00E1F4B5 /* AppDelegate.swift in Sources */ = {isa = PBXBuildFile; fileRef = 140ADBD02BA1A30A00E1F4B5 /* AppDelegate.swift */; };
		140ADBD32BA1A30A00E1F4B5 /* SceneDelegate.swift in Sources */ = {isa = PBXBuildFile; fileRef = 140ADBD22BA1A30A00E1F4B5 /* SceneDelegate.swift */; };
		140ADBD52BA1A30A00E1F4B5 /* ViewController.swift in Sources */ = {isa = PBXBuildFile; fileRef = 140ADBD42BA1A30A00E1F4B5 /* ViewController.swift */; };
		140ADBD82BA1A30A00E1F4B5 /* Main.storyboard in Resources */ = {isa = PBXBuildFile; fileRef = 140ADBD62BA1A30A00E1F4B5 /* Main.storyboard */; };
		140ADBDA2BA1A30D00E1F4B5 /* Assets.xcassets in Resources */ = {isa = PBXBuildFile; fileRef = 140ADBD92BA1A30D00E1F4B5 /* Assets.xcassets */; };
		140ADBDD2BA1A30D00E1F4B5 /* LaunchScreen.storyboard in Resources */ = {isa = PBXBuildFile; fileRef = 140ADBDB2BA1A30D00E1F4B5 /* LaunchScreen.storyboard */; };
		41CBB2695EB468D8BE7433DF /* Pods_TwilioApp.framework in Frameworks */ = {isa = PBXBuildFile; fileRef = 92C08DE886C24D9BAD066DBA /* Pods_TwilioApp.framework */; };
/* End PBXBuildFile section */

/* Begin PBXFileReference section */
		140ADBCD2BA1A30A00E1F4B5 /* TwilioApp.app */ = {isa = PBXFileReference; explicitFileType = wrapper.application; includeInIndex = 0; path = TwilioApp.app; sourceTree = BUILT_PRODUCTS_DIR; };
		140ADBD02BA1A30A00E1F4B5 /* AppDelegate.swift */ = {isa = PBXFileReference; lastKnownFileType = sourcecode.swift; path = AppDelegate.swift; sourceTree = "<group>"; };
		140ADBD22BA1A30A00E1F4B5 /* SceneDelegate.swift */ = {isa = PBXFileReference; lastKnownFileType = sourcecode.swift; path = SceneDelegate.swift; sourceTree = "<group>"; };
		140ADBD42BA1A30A00E1F4B5 /* ViewController.swift */ = {isa = PBXFileReference; lastKnownFileType = sourcecode.swift; path = ViewController.swift; sourceTree = "<group>"; };
		140ADBD72BA1A30A00E1F4B5 /* Base */ = {isa = PBXFileReference; lastKnownFileType = file.storyboard; name = Base; path = Base.lproj/Main.storyboard; sourceTree = "<group>"; };
		140ADBD92BA1A30D00E1F4B5 /* Assets.xcassets */ = {isa = PBXFileReference; lastKnownFileType = folder.assetcatalog; path = Assets.xcassets; sourceTree = "<group>"; };
		140ADBDC2BA1A30D00E1F4B5 /* Base */ = {isa = PBXFileReference; lastKnownFileType = file.storyboard; name = Base; path = Base.lproj/LaunchScreen.storyboard; sourceTree = "<group>"; };
		140ADBDE2BA1A30D00E1F4B5 /* Info.plist */ = {isa = PBXFileReference; lastKnownFileType = text.plist.xml; path = Info.plist; sourceTree = "<group>"; };
		30F97B96455C40548BDB0702 /* Pods-TwilioApp.debug.xcconfig */ = {isa = PBXFileReference; includeInIndex = 1; lastKnownFileType = text.xcconfig; name = "Pods-TwilioApp.debug.xcconfig"; path = "Target Support Files/Pods-TwilioApp/Pods-TwilioApp.debug.xcconfig"; sourceTree = "<group>"; };
		6BFAC48A85FE04C84A4C6858 /* Pods-TwilioApp.release.xcconfig */ = {isa = PBXFileReference; includeInIndex = 1; lastKnownFileType = text.xcconfig; name = "Pods-TwilioApp.release.xcconfig"; path = "Target Support Files/Pods-TwilioApp/Pods-TwilioApp.release.xcconfig"; sourceTree = "<group>"; };
		92C08DE886C24D9BAD066DBA /* Pods_TwilioApp.framework */ = {isa = PBXFileReference; explicitFileType = wrapper.framework; includeInIndex = 0; path = Pods_TwilioApp.framework; sourceTree = BUILT_PRODUCTS_DIR; };
/* End PBXFileReference section */

/* Begin PBXFrameworksBuildPhase section */
		140ADBCA2BA1A30A00E1F4B5 /* Frameworks */ = {
			isa = PBXFrameworksBuildPhase;
			buildActionMask = 2147483647;
			files = (
				41CBB2695EB468D8BE7433DF /* Pods_TwilioApp.framework in Frameworks */,
			);
			runOnlyForDeploymentPostprocessing = 0;
		};
/* End PBXFrameworksBuildPhase section */

/* Begin PBXGroup section */
		140ADBC42BA1A30A00E1F4B5 = {
			isa = PBXGroup;
			children = (
				140ADBCF2BA1A30A00E1F4B5 /* TwilioApp */,
				140ADBCE2BA1A30A00E1F4B5 /* Products */,
				D390B8156C174E8A8E4650B6 /* Pods */,
				38B631FA81F5F05B1BF4A5EB /* Frameworks */,
			);
			sourceTree = "<group>";
		};
		140ADBCE2BA1A30A00E1F4B5 /* Products */ = {
			isa = PBXGroup;
			children = (
				140ADBCD2BA1A30A00E1F4B5 /* TwilioApp.app */,
			);
			name = Products;
			sourceTree = "<group>";
		};
		140ADBCF2BA1A30A00E1F4B5 /* TwilioApp */ = {
			isa = PBXGroup;
			children = (
				140ADBD02BA1A30A00E1F4B5 /* AppDelegate.swift */,
				140ADBD22BA1A30A00E1F4B5 /* SceneDelegate.swift */,
				140ADBD42BA1A30A00E1F4B5 /* ViewController.swift */,
				140ADBD62BA1A30A00E1F4B5 /* Main.storyboard */,
				140ADBD92BA1A30D00E1F4B5 /* Assets.xcassets */,
				140ADBDB2BA1A30D00E1F4B5 /* LaunchScreen.storyboard */,
				140ADBDE2BA1A30D00E1F4B5 /* Info.plist */,
			);
			path = TwilioApp;
			sourceTree = "<group>";
		};
		38B631FA81F5F05B1BF4A5EB /* Frameworks */ = {
			isa = PBXGroup;
			children = (
				92C08DE886C24D9BAD066DBA /* Pods_TwilioApp.framework */,
			);
			name = Frameworks;
			sourceTree = "<group>";
		};
		D390B8156C174E8A8E4650B6 /* Pods */ = {
			isa = PBXGroup;
			children = (
				30F97B96455C40548BDB0702 /* Pods-TwilioApp.debug.xcconfig */,
				6BFAC48A85FE04C84A4C6858 /* Pods-TwilioApp.release.xcconfig */,
			);
			path = Pods;
			sourceTree = "<group>";
		};
/* End PBXGroup section */

/* Begin PBXNativeTarget section */
		140ADBCC2BA1A30A00E1F4B5 /* TwilioApp */ = {
			isa = PBXNativeTarget;
			buildConfigurationList = 140ADBE12BA1A30D00E1F4B5 /* Build configuration list for PBXNativeTarget "TwilioApp" */;
			buildPhases = (
				029A3BEBA36EFF830DD9BBD0 /* [CP] Check Pods Manifest.lock */,
				140ADBC92BA1A30A00E1F4B5 /* Sources */,
				140ADBCA2BA1A30A00E1F4B5 /* Frameworks */,
				140ADBCB2BA1A30A00E1F4B5 /* Resources */,
				6BE1812911BED83DFE42DB95 /* [CP] Embed Pods Frameworks */,
			);
			buildRules = (
			);
			dependencies = (
			);
			name = TwilioApp;
			productName = TwilioApp;
			productReference = 140ADBCD2BA1A30A00E1F4B5 /* TwilioApp.app */;
			productType = "com.apple.product-type.application";
		};
/* End PBXNativeTarget section */

/* Begin PBXProject section */
		140ADBC52BA1A30A00E1F4B5 /* Project object */ = {
			isa = PBXProject;
			attributes = {
				BuildIndependentTargetsInParallel = 1;
				LastSwiftUpdateCheck = 1500;
				LastUpgradeCheck = 1500;
				TargetAttributes = {
					140ADBCC2BA1A30A00E1F4B5 = {
						CreatedOnToolsVersion = 15.0.1;
					};
				};
			};
			buildConfigurationList = 140ADBC82BA1A30A00E1F4B5 /* Build configuration list for PBXProject "TwilioApp" */;
			compatibilityVersion = "Xcode 14.0";
			developmentRegion = en;
			hasScannedForEncodings = 0;
			knownRegions = (
				en,
				Base,
			);
			mainGroup = 140ADBC42BA1A30A00E1F4B5;
			productRefGroup = 140ADBCE2BA1A30A00E1F4B5 /* Products */;
			projectDirPath = "";
			projectRoot = "";
			targets = (
				140ADBCC2BA1A30A00E1F4B5 /* TwilioApp */,
			);
		};
/* End PBXProject section */

/* Begin PBXResourcesBuildPhase section */
		140ADBCB2BA1A30A00E1F4B5 /* Resources */ = {
			isa = PBXResourcesBuildPhase;
			buildActionMask = 2147483647;
			files = (
				140ADBDD2BA1A30D00E1F4B5 /* LaunchScreen.storyboard in Resources */,
				140ADBDA2BA1A30D00E1F4B5 /* Assets.xcassets in Resources */,
				140ADBD82BA1A30A00E1F4B5 /* Main.storyboard in Resources */,
			);
			runOnlyForDeploymentPostprocessing = 0;
		};
/* End PBXResourcesBuildPhase section */

/* Begin PBXShellScriptBuildPhase section */
		029A3BEBA36EFF830DD9BBD0 /* [CP] Check Pods Manifest.lock */ = {
			isa = PBXShellScriptBuildPhase;
			buildActionMask = 2147483647;
			files = (
			);
			inputFileListPaths = (
			);
			inputPaths = (
				"${PODS_PODFILE_DIR_PATH}/Podfile.lock",
				"${PODS_ROOT}/Manifest.lock",
			);
			name = "[CP] Check Pods Manifest.lock";
			outputFileListPaths = (
			);
			outputPaths = (
				"$(DERIVED_FILE_DIR)/Pods-TwilioApp-checkManifestLockResult.txt",
			);
			runOnlyForDeploymentPostprocessing = 0;
			shellPath = /bin/sh;
			shellScript = "diff \"${PODS_PODFILE_DIR_PATH}/Podfile.lock\" \"${PODS_ROOT}/Manifest.lock\" > /dev/null\nif [ $? != 0 ] ; then\n    # print error to STDERR\n    echo \"error: The sandbox is not in sync with the Podfile.lock. Run 'pod install' or update your CocoaPods installation.\" >&2\n    exit 1\nfi\n# This output is used by Xcode 'outputs' to avoid re-running this script phase.\necho \"SUCCESS\" > \"${SCRIPT_OUTPUT_FILE_0}\"\n";
			showEnvVarsInLog = 0;
		};
		6BE1812911BED83DFE42DB95 /* [CP] Embed Pods Frameworks */ = {
			isa = PBXShellScriptBuildPhase;
			buildActionMask = 2147483647;
			files = (
			);
			inputFileListPaths = (
				"${PODS_ROOT}/Target Support Files/Pods-TwilioApp/Pods-TwilioApp-frameworks-${CONFIGURATION}-input-files.xcfilelist",
			);
			name = "[CP] Embed Pods Frameworks";
			outputFileListPaths = (
				"${PODS_ROOT}/Target Support Files/Pods-TwilioApp/Pods-TwilioApp-frameworks-${CONFIGURATION}-output-files.xcfilelist",
			);
			runOnlyForDeploymentPostprocessing = 0;
			shellPath = /bin/sh;
			shellScript = "\"${PODS_ROOT}/Target Support Files/Pods-TwilioApp/Pods-TwilioApp-frameworks.sh\"\n";
			showEnvVarsInLog = 0;
		};
/* End PBXShellScriptBuildPhase section */

/* Begin PBXSourcesBuildPhase section */
		140ADBC92BA1A30A00E1F4B5 /* Sources */ = {
			isa = PBXSourcesBuildPhase;
			buildActionMask = 2147483647;
			files = (
				140ADBD52BA1A30A00E1F4B5 /* ViewController.swift in Sources */,
				140ADBD12BA1A30A00E1F4B5 /* AppDelegate.swift in Sources */,
				140ADBD32BA1A30A00E1F4B5 /* SceneDelegate.swift in Sources */,
			);
			runOnlyForDeploymentPostprocessing = 0;
		};
/* End PBXSourcesBuildPhase section */

/* Begin PBXVariantGroup section */
		140ADBD62BA1A30A00E1F4B5 /* Main.storyboard */ = {
			isa = PBXVariantGroup;
			children = (
				140ADBD72BA1A30A00E1F4B5 /* Base */,
			);
			name = Main.storyboard;
			sourceTree = "<group>";
		};
		140ADBDB2BA1A30D00E1F4B5 /* LaunchScreen.storyboard */ = {
			isa = PBXVariantGroup;
			children = (
				140ADBDC2BA1A30D00E1F4B5 /* Base */,
			);
			name = LaunchScreen.storyboard;
			sourceTree = "<group>";
		};
/* End PBXVariantGroup section */

/* Begin XCBuildConfiguration section */
		140ADBDF2BA1A30D00E1F4B5 /* Debug */ = {
			isa = XCBuildConfiguration;
			buildSettings = {
				ALWAYS_SEARCH_USER_PATHS = NO;
				ASSETCATALOG_COMPILER_GENERATE_SWIFT_ASSET_SYMBOL_EXTENSIONS = YES;
				CLANG_ANALYZER_NONNULL = YES;
				CLANG_ANALYZER_NUMBER_OBJECT_CONVERSION = YES_AGGRESSIVE;
				CLANG_CXX_LANGUAGE_STANDARD = "gnu++20";
				CLANG_ENABLE_MODULES = YES;
				CLANG_ENABLE_OBJC_ARC = YES;
				CLANG_ENABLE_OBJC_WEAK = YES;
				CLANG_WARN_BLOCK_CAPTURE_AUTORELEASING = YES;
				CLANG_WARN_BOOL_CONVERSION = YES;
				CLANG_WARN_COMMA = YES;
				CLANG_WARN_CONSTANT_CONVERSION = YES;
				CLANG_WARN_DEPRECATED_OBJC_IMPLEMENTATIONS = YES;
				CLANG_WARN_DIRECT_OBJC_ISA_USAGE = YES_ERROR;
				CLANG_WARN_DOCUMENTATION_COMMENTS = YES;
				CLANG_WARN_EMPTY_BODY = YES;
				CLANG_WARN_ENUM_CONVERSION = YES;
				CLANG_WARN_INFINITE_RECURSION = YES;
				CLANG_WARN_INT_CONVERSION = YES;
				CLANG_WARN_NON_LITERAL_NULL_CONVERSION = YES;
				CLANG_WARN_OBJC_IMPLICIT_RETAIN_SELF = YES;
				CLANG_WARN_OBJC_LITERAL_CONVERSION = YES;
				CLANG_WARN_OBJC_ROOT_CLASS = YES_ERROR;
				CLANG_WARN_QUOTED_INCLUDE_IN_FRAMEWORK_HEADER = YES;
				CLANG_WARN_RANGE_LOOP_ANALYSIS = YES;
				CLANG_WARN_STRICT_PROTOTYPES = YES;
				CLANG_WARN_SUSPICIOUS_MOVE = YES;
				CLANG_WARN_UNGUARDED_AVAILABILITY = YES_AGGRESSIVE;
				CLANG_WARN_UNREACHABLE_CODE = YES;
				CLANG_WARN__DUPLICATE_METHOD_MATCH = YES;
				COPY_PHASE_STRIP = NO;
				DEBUG_INFORMATION_FORMAT = dwarf;
				ENABLE_STRICT_OBJC_MSGSEND = YES;
				ENABLE_TESTABILITY = YES;
				ENABLE_USER_SCRIPT_SANDBOXING = YES;
				GCC_C_LANGUAGE_STANDARD = gnu17;
				GCC_DYNAMIC_NO_PIC = NO;
				GCC_NO_COMMON_BLOCKS = YES;
				GCC_OPTIMIZATION_LEVEL = 0;
				GCC_PREPROCESSOR_DEFINITIONS = (
					"DEBUG=1",
					"$(inherited)",
				);
				GCC_WARN_64_TO_32_BIT_CONVERSION = YES;
				GCC_WARN_ABOUT_RETURN_TYPE = YES_ERROR;
				GCC_WARN_UNDECLARED_SELECTOR = YES;
				GCC_WARN_UNINITIALIZED_AUTOS = YES_AGGRESSIVE;
				GCC_WARN_UNUSED_FUNCTION = YES;
				GCC_WARN_UNUSED_VARIABLE = YES;
				IPHONEOS_DEPLOYMENT_TARGET = 17.0;
				LOCALIZATION_PREFERS_STRING_CATALOGS = YES;
				MTL_ENABLE_DEBUG_INFO = INCLUDE_SOURCE;
				MTL_FAST_MATH = YES;
				ONLY_ACTIVE_ARCH = YES;
				SDKROOT = iphoneos;
				SWIFT_ACTIVE_COMPILATION_CONDITIONS = "DEBUG $(inherited)";
				SWIFT_OPTIMIZATION_LEVEL = "-Onone";
			};
			name = Debug;
		};
		140ADBE02BA1A30D00E1F4B5 /* Release */ = {
			isa = XCBuildConfiguration;
			buildSettings = {
				ALWAYS_SEARCH_USER_PATHS = NO;
				ASSETCATALOG_COMPILER_GENERATE_SWIFT_ASSET_SYMBOL_EXTENSIONS = YES;
				CLANG_ANALYZER_NONNULL = YES;
				CLANG_ANALYZER_NUMBER_OBJECT_CONVERSION = YES_AGGRESSIVE;
				CLANG_CXX_LANGUAGE_STANDARD = "gnu++20";
				CLANG_ENABLE_MODULES = YES;
				CLANG_ENABLE_OBJC_ARC = YES;
				CLANG_ENABLE_OBJC_WEAK = YES;
				CLANG_WARN_BLOCK_CAPTURE_AUTORELEASING = YES;
				CLANG_WARN_BOOL_CONVERSION = YES;
				CLANG_WARN_COMMA = YES;
				CLANG_WARN_CONSTANT_CONVERSION = YES;
				CLANG_WARN_DEPRECATED_OBJC_IMPLEMENTATIONS = YES;
				CLANG_WARN_DIRECT_OBJC_ISA_USAGE = YES_ERROR;
				CLANG_WARN_DOCUMENTATION_COMMENTS = YES;
				CLANG_WARN_EMPTY_BODY = YES;
				CLANG_WARN_ENUM_CONVERSION = YES;
				CLANG_WARN_INFINITE_RECURSION = YES;
				CLANG_WARN_INT_CONVERSION = YES;
				CLANG_WARN_NON_LITERAL_NULL_CONVERSION = YES;
				CLANG_WARN_OBJC_IMPLICIT_RETAIN_SELF = YES;
				CLANG_WARN_OBJC_LITERAL_CONVERSION = YES;
				CLANG_WARN_OBJC_ROOT_CLASS = YES_ERROR;
				CLANG_WARN_QUOTED_INCLUDE_IN_FRAMEWORK_HEADER = YES;
				CLANG_WARN_RANGE_LOOP_ANALYSIS = YES;
				CLANG_WARN_STRICT_PROTOTYPES = YES;
				CLANG_WARN_SUSPICIOUS_MOVE = YES;
				CLANG_WARN_UNGUARDED_AVAILABILITY = YES_AGGRESSIVE;
				CLANG_WARN_UNREACHABLE_CODE = YES;
				CLANG_WARN__DUPLICATE_METHOD_MATCH = YES;
				COPY_PHASE_STRIP = NO;
				DEBUG_INFORMATION_FORMAT = "dwarf-with-dsym";
				ENABLE_NS_ASSERTIONS = NO;
				ENABLE_STRICT_OBJC_MSGSEND = YES;
				ENABLE_USER_SCRIPT_SANDBOXING = YES;
				GCC_C_LANGUAGE_STANDARD = gnu17;
				GCC_NO_COMMON_BLOCKS = YES;
				GCC_WARN_64_TO_32_BIT_CONVERSION = YES;
				GCC_WARN_ABOUT_RETURN_TYPE = YES_ERROR;
				GCC_WARN_UNDECLARED_SELECTOR = YES;
				GCC_WARN_UNINITIALIZED_AUTOS = YES_AGGRESSIVE;
				GCC_WARN_UNUSED_FUNCTION = YES;
				GCC_WARN_UNUSED_VARIABLE = YES;
				IPHONEOS_DEPLOYMENT_TARGET = 17.0;
				LOCALIZATION_PREFERS_STRING_CATALOGS = YES;
				MTL_ENABLE_DEBUG_INFO = NO;
				MTL_FAST_MATH = YES;
				SDKROOT = iphoneos;
				SWIFT_COMPILATION_MODE = wholemodule;
				VALIDATE_PRODUCT = YES;
			};
			name = Release;
		};
		140ADBE22BA1A30D00E1F4B5 /* Debug */ = {
			isa = XCBuildConfiguration;
			baseConfigurationReference = 30F97B96455C40548BDB0702 /* Pods-TwilioApp.debug.xcconfig */;
			buildSettings = {
				ASSETCATALOG_COMPILER_APPICON_NAME = AppIcon;
				ASSETCATALOG_COMPILER_GLOBAL_ACCENT_COLOR_NAME = AccentColor;
				CODE_SIGN_STYLE = Automatic;
				CURRENT_PROJECT_VERSION = 1;
				DEVELOPMENT_TEAM = XMR9R4T6R5;
				ENABLE_USER_SCRIPT_SANDBOXING = NO;
				GENERATE_INFOPLIST_FILE = YES;
				INFOPLIST_FILE = TwilioApp/Info.plist;
				INFOPLIST_KEY_UIApplicationSupportsIndirectInputEvents = YES;
				INFOPLIST_KEY_UILaunchStoryboardName = LaunchScreen;
				INFOPLIST_KEY_UIMainStoryboardFile = Main;
				INFOPLIST_KEY_UISupportedInterfaceOrientations_iPad = "UIInterfaceOrientationPortrait UIInterfaceOrientationPortraitUpsideDown UIInterfaceOrientationLandscapeLeft UIInterfaceOrientationLandscapeRight";
				INFOPLIST_KEY_UISupportedInterfaceOrientations_iPhone = "UIInterfaceOrientationPortrait UIInterfaceOrientationLandscapeLeft UIInterfaceOrientationLandscapeRight";
				IPHONEOS_DEPLOYMENT_TARGET = 13.0;
				LD_RUNPATH_SEARCH_PATHS = (
					"$(inherited)",
					"@executable_path/Frameworks",
				);
				MARKETING_VERSION = 1.0;
				PRODUCT_BUNDLE_IDENTIFIER = com.smartfusion.TwilioApp;
				PRODUCT_NAME = "$(TARGET_NAME)";
				SWIFT_EMIT_LOC_STRINGS = YES;
				SWIFT_VERSION = 5.0;
				TARGETED_DEVICE_FAMILY = "1,2";
			};
			name = Debug;
		};
		140ADBE32BA1A30D00E1F4B5 /* Release */ = {
			isa = XCBuildConfiguration;
			baseConfigurationReference = 6BFAC48A85FE04C84A4C6858 /* Pods-TwilioApp.release.xcconfig */;
			buildSettings = {
				ASSETCATALOG_COMPILER_APPICON_NAME = AppIcon;
				ASSETCATALOG_COMPILER_GLOBAL_ACCENT_COLOR_NAME = AccentColor;
				CODE_SIGN_STYLE = Automatic;
				CURRENT_PROJECT_VERSION = 1;
				DEVELOPMENT_TEAM = XMR9R4T6R5;
				ENABLE_USER_SCRIPT_SANDBOXING = NO;
				GENERATE_INFOPLIST_FILE = YES;
				INFOPLIST_FILE = TwilioApp/Info.plist;
				INFOPLIST_KEY_UIApplicationSupportsIndirectInputEvents = YES;
				INFOPLIST_KEY_UILaunchStoryboardName = LaunchScreen;
				INFOPLIST_KEY_UIMainStoryboardFile = Main;
				INFOPLIST_KEY_UISupportedInterfaceOrientations_iPad = "UIInterfaceOrientationPortrait UIInterfaceOrientationPortraitUpsideDown UIInterfaceOrientationLandscapeLeft UIInterfaceOrientationLandscapeRight";
				INFOPLIST_KEY_UISupportedInterfaceOrientations_iPhone = "UIInterfaceOrientationPortrait UIInterfaceOrientationLandscapeLeft UIInterfaceOrientationLandscapeRight";
				IPHONEOS_DEPLOYMENT_TARGET = 13.0;
				LD_RUNPATH_SEARCH_PATHS = (
					"$(inherited)",
					"@executable_path/Frameworks",
				);
				MARKETING_VERSION = 1.0;
				PRODUCT_BUNDLE_IDENTIFIER = com.smartfusion.TwilioApp;
				PRODUCT_NAME = "$(TARGET_NAME)";
				SWIFT_EMIT_LOC_STRINGS = YES;
				SWIFT_VERSION = 5.0;
				TARGETED_DEVICE_FAMILY = "1,2";
			};
			name = Release;
		};
/* End XCBuildConfiguration section */

/* Begin XCConfigurationList section */
		140ADBC82BA1A30A00E1F4B5 /* Build configuration list for PBXProject "TwilioApp" */ = {
			isa = XCConfigurationList;
			buildConfigurations = (
				140ADBDF2BA1A30D00E1F4B5 /* Debug */,
				140ADBE02BA1A30D00E1F4B5 /* Release */,
			);
			defaultConfigurationIsVisible = 0;
			defaultConfigurationName = Release;
		};
		140ADBE12BA1A30D00E1F4B5 /* Build configuration list for PBXNativeTarget "TwilioApp" */ = {
			isa = XCConfigurationList;
			buildConfigurations = (
				140ADBE22BA1A30D00E1F4B5 /* Debug */,
				140ADBE32BA1A30D00E1F4B5 /* Release */,
			);
			defaultConfigurationIsVisible = 0;
			defaultConfigurationName = Release;
		};
/* End XCConfigurationList section */
	};
	rootObject = 140ADBC52BA1A30A00E1F4B5 /* Project object */;
}
